
Microsoft Visual Studio Solution File, Format Version 12.00
# Visual Studio Version 17
VisualStudioVersion = 17.0.31903.59
MinimumVisualStudioVersion = 10.0.40219.1
Project("{2150E333-8FDC-42A3-9474-1A3956D46DE8}") = "src", "src", "{827E0CD3-B72D-47B6-A68D-7590B98EB39B}"
EndProject
Project("{FAE04EC0-301F-11D3-BF4B-00C04F79EFBC}") = "XXX.TestBench.App", "src\XXX.TestBench.App\XXX.TestBench.App.csproj", "{F3F85FD3-3723-42CB-A09C-12881F3B71E3}"
EndProject
Project("{FAE04EC0-301F-11D3-BF4B-00C04F79EFBC}") = "XXX.TestBench.Core", "src\XXX.TestBench.Core\XXX.TestBench.Core.csproj", "{DB3E0653-5F28-431F-BA50-FDE5EC135650}"
EndProject
Project("{FAE04EC0-301F-11D3-BF4B-00C04F79EFBC}") = "XXX.TestBench.Devices", "src\XXX.TestBench.Devices\XXX.TestBench.Devices.csproj", "{EEA9FFDA-77F3-4B99-9A2E-67249F3DC490}"
EndProject
Project("{FAE04EC0-301F-11D3-BF4B-00C04F79EFBC}") = "XXX.TestBench.Infrastructure", "src\XXX.TestBench.Infrastructure\XXX.TestBench.Infrastructure.csproj", "{30168D2D-BEBF-4390-8CE9-89661AB61595}"
EndProject
Project("{FAE04EC0-301F-11D3-BF4B-00C04F79EFBC}") = "XXX.TestBench.App.Headless.Tests", "tests\XXX.TestBench.App.Headless.Tests\XXX.TestBench.App.Headless.Tests.csproj", "{B85113AD-B91A-42E9-84F8-D9E1FF8182DB}"
EndProject
Project("{FAE04EC0-301F-11D3-BF4B-00C04F79EFBC}") = "XXX.TestBench.App.Tests", "tests\XXX.TestBench.App.Tests\XXX.TestBench.App.Tests.csproj", "{2CE648ED-CB55-4BAA-B874-B26448DF538A}"
EndProject
Project("{FAE04EC0-301F-11D3-BF4B-00C04F79EFBC}") = "XXX.TestBench.Core.Tests", "tests\XXX.TestBench.Core.Tests\XXX.TestBench.Core.Tests.csproj", "{4DAD8968-8C43-49D6-A3DC-B91751355635}"
EndProject
Project("{FAE04EC0-301F-11D3-BF4B-00C04F79EFBC}") = "XXX.TestBench.Integration.Tests", "tests\XXX.TestBench.Integration.Tests\XXX.TestBench.Integration.Tests.csproj", "{C19AB14F-C6BE-4B77-BE0C-0BC8ED3CF5A2}"
EndProject
Global
	GlobalSection(SolutionConfigurationPlatforms) = preSolution
		Debug|Any CPU = Debug|Any CPU
		Debug|x64 = Debug|x64
		Debug|x86 = Debug|x86
		Release|Any CPU = Release|Any CPU
		Release|x64 = Release|x64
		Release|x86 = Release|x86
	EndGlobalSection
	GlobalSection(ProjectConfigurationPlatforms) = postSolution
		{F3F85FD3-3723-42CB-A09C-12881F3B71E3}.Debug|Any CPU.ActiveCfg = Debug|Any CPU
		{F3F85FD3-3723-42CB-A09C-12881F3B71E3}.Debug|Any CPU.Build.0 = Debug|Any CPU
		{F3F85FD3-3723-42CB-A09C-12881F3B71E3}.Debug|x64.ActiveCfg = Debug|Any CPU
		{F3F85FD3-3723-42CB-A09C-12881F3B71E3}.Debug|x64.Build.0 = Debug|Any CPU
		{F3F85FD3-3723-42CB-A09C-12881F3B71E3}.Debug|x86.ActiveCfg = Debug|Any CPU
		{F3F85FD3-3723-42CB-A09C-12881F3B71E3}.Debug|x86.Build.0 = Debug|Any CPU
		{F3F85FD3-3723-42CB-A09C-12881F3B71E3}.Release|Any CPU.ActiveCfg = Release|Any CPU
		{F3F85FD3-3723-42CB-A09C-12881F3B71E3}.Release|Any CPU.Build.0 = Release|Any CPU
		{F3F85FD3-3723-42CB-A09C-12881F3B71E3}.Release|x64.ActiveCfg = Release|Any CPU
		{F3F85FD3-3723-42CB-A09C-12881F3B71E3}.Release|x64.Build.0 = Release|Any CPU
		{F3F85FD3-3723-42CB-A09C-12881F3B71E3}.Release|x86.ActiveCfg = Release|Any CPU
		{F3F85FD3-3723-42CB-A09C-12881F3B71E3}.Release|x86.Build.0 = Release|Any CPU
		{DB3E0653-5F28-431F-BA50-FDE5EC135650}.Debug|Any CPU.ActiveCfg = Debug|Any CPU
		{DB3E0653-5F28-431F-BA50-FDE5EC135650}.Debug|Any CPU.Build.0 = Debug|Any CPU
		{DB3E0653-5F28-431F-BA50-FDE5EC135650}.Debug|x64.ActiveCfg = Debug|Any CPU
		{DB3E0653-5F28-431F-BA50-FDE5EC135650}.Debug|x64.Build.0 = Debug|Any CPU
		{DB3E0653-5F28-431F-BA50-FDE5EC135650}.Debug|x86.ActiveCfg = Debug|Any CPU
		{DB3E0653-5F28-431F-BA50-FDE5EC135650}.Debug|x86.Build.0 = Debug|Any CPU
		{DB3E0653-5F28-431F-BA50-FDE5EC135650}.Release|Any CPU.ActiveCfg = Release|Any CPU
		{DB3E0653-5F28-431F-BA50-FDE5EC135650}.Release|Any CPU.Build.0 = Release|Any CPU
		{DB3E0653-5F28-431F-BA50-FDE5EC135650}.Release|x64.ActiveCfg = Release|Any CPU
		{DB3E0653-5F28-431F-BA50-FDE5EC135650}.Release|x64.Build.0 = Release|Any CPU
		{DB3E0653-5F28-431F-BA50-FDE5EC135650}.Release|x86.ActiveCfg = Release|Any CPU
		{DB3E0653-5F28-431F-BA50-FDE5EC135650}.Release|x86.Build.0 = Release|Any CPU
		{EEA9FFDA-77F3-4B99-9A2E-67249F3DC490}.Debug|Any CPU.ActiveCfg = Debug|Any CPU
		{EEA9FFDA-77F3-4B99-9A2E-67249F3DC490}.Debug|Any CPU.Build.0 = Debug|Any CPU
		{EEA9FFDA-77F3-4B99-9A2E-67249F3DC490}.Debug|x64.ActiveCfg = Debug|Any CPU
		{EEA9FFDA-77F3-4B99-9A2E-67249F3DC490}.Debug|x64.Build.0 = Debug|Any CPU
		{EEA9FFDA-77F3-4B99-9A2E-67249F3DC490}.Debug|x86.ActiveCfg = Debug|Any CPU
		{EEA9FFDA-77F3-4B99-9A2E-67249F3DC490}.Debug|x86.Build.0 = Debug|Any CPU
		{EEA9FFDA-77F3-4B99-9A2E-67249F3DC490}.Release|Any CPU.ActiveCfg = Release|Any CPU
		{EEA9FFDA-77F3-4B99-9A2E-67249F3DC490}.Release|Any CPU.Build.0 = Release|Any CPU
		{EEA9FFDA-77F3-4B99-9A2E-67249F3DC490}.Release|x64.ActiveCfg = Release|Any CPU
		{EEA9FFDA-77F3-4B99-9A2E-67249F3DC490}.Release|x64.Build.0 = Release|Any CPU
		{EEA9FFDA-77F3-4B99-9A2E-67249F3DC490}.Release|x86.ActiveCfg = Release|Any CPU
		{EEA9FFDA-77F3-4B99-9A2E-67249F3DC490}.Release|x86.Build.0 = Release|Any CPU
		{30168D2D-BEBF-4390-8CE9-89661AB61595}.Debug|Any CPU.ActiveCfg = Debug|Any CPU
		{30168D2D-BEBF-4390-8CE9-89661AB61595}.Debug|Any CPU.Build.0 = Debug|Any CPU
		{30168D2D-BEBF-4390-8CE9-89661AB61595}.Debug|x64.ActiveCfg = Debug|Any CPU
		{30168D2D-BEBF-4390-8CE9-89661AB61595}.Debug|x64.Build.0 = Debug|Any CPU
		{30168D2D-BEBF-4390-8CE9-89661AB61595}.Debug|x86.ActiveCfg = Debug|Any CPU
		{30168D2D-BEBF-4390-8CE9-89661AB61595}.Debug|x86.Build.0 = Debug|Any CPU
		{30168D2D-BEBF-4390-8CE9-89661AB61595}.Release|Any CPU.ActiveCfg = Release|Any CPU
		{30168D2D-BEBF-4390-8CE9-89661AB61595}.Release|Any CPU.Build.0 = Release|Any CPU
		{30168D2D-BEBF-4390-8CE9-89661AB61595}.Release|x64.ActiveCfg = Release|Any CPU
		{30168D2D-BEBF-4390-8CE9-89661AB61595}.Release|x64.Build.0 = Release|Any CPU
		{30168D2D-BEBF-4390-8CE9-89661AB61595}.Release|x86.ActiveCfg = Release|Any CPU
		{30168D2D-BEBF-4390-8CE9-89661AB61595}.Release|x86.Build.0 = Release|Any CPU
		{B85113AD-B91A-42E9-84F8-D9E1FF8182DB}.Debug|Any CPU.ActiveCfg = Debug|Any CPU
		{B85113AD-B91A-42E9-84F8-D9E1FF8182DB}.Debug|Any CPU.Build.0 = Debug|Any CPU
		{B85113AD-B91A-42E9-84F8-D9E1FF8182DB}.Debug|x64.ActiveCfg = Debug|Any CPU
		{B85113AD-B91A-42E9-84F8-D9E1FF8182DB}.Debug|x64.Build.0 = Debug|Any CPU
		{B85113AD-B91A-42E9-84F8-D9E1FF8182DB}.Debug|x86.ActiveCfg = Debug|Any CPU
		{B85113AD-B91A-42E9-84F8-D9E1FF8182DB}.Debug|x86.Build.0 = Debug|Any CPU
		{B85113AD-B91A-42E9-84F8-D9E1FF8182DB}.Release|Any CPU.ActiveCfg = Release|Any CPU
		{B85113AD-B91A-42E9-84F8-D9E1FF8182DB}.Release|Any CPU.Build.0 = Release|Any CPU
		{B85113AD-B91A-42E9-84F8-D9E1FF8182DB}.Release|x64.ActiveCfg = Release|Any CPU
		{B85113AD-B91A-42E9-84F8-D9E1FF8182DB}.Release|x64.Build.0 = Release|Any CPU
		{B85113AD-B91A-42E9-84F8-D9E1FF8182DB}.Release|x86.ActiveCfg = Release|Any CPU
		{B85113AD-B91A-42E9-84F8-D9E1FF8182DB}.Release|x86.Build.0 = Release|Any CPU
		{2CE648ED-CB55-4BAA-B874-B26448DF538A}.Debug|Any CPU.ActiveCfg = Debug|Any CPU
		{2CE648ED-CB55-4BAA-B874-B26448DF538A}.Debug|Any CPU.Build.0 = Debug|Any CPU
		{2CE648ED-CB55-4BAA-B874-B26448DF538A}.Debug|x64.ActiveCfg = Debug|Any CPU
		{2CE648ED-CB55-4BAA-B874-B26448DF538A}.Debug|x64.Build.0 = Debug|Any CPU
		{2CE648ED-CB55-4BAA-B874-B26448DF538A}.Debug|x86.ActiveCfg = Debug|Any CPU
		{2CE648ED-CB55-4BAA-B874-B26448DF538A}.Debug|x86.Build.0 = Debug|Any CPU
		{2CE648ED-CB55-4BAA-B874-B26448DF538A}.Release|Any CPU.ActiveCfg = Release|Any CPU
		{2CE648ED-CB55-4BAA-B874-B26448DF538A}.Release|Any CPU.Build.0 = Release|Any CPU
		{2CE648ED-CB55-4BAA-B874-B26448DF538A}.Release|x64.ActiveCfg = Release|Any CPU
		{2CE648ED-CB55-4BAA-B874-B26448DF538A}.Release|x64.Build.0 = Release|Any CPU
		{2CE648ED-CB55-4BAA-B874-B26448DF538A}.Release|x86.ActiveCfg = Release|Any CPU
		{2CE648ED-CB55-4BAA-B874-B26448DF538A}.Release|x86.Build.0 = Release|Any CPU
		{4DAD8968-8C43-49D6-A3DC-B91751355635}.Debug|Any CPU.ActiveCfg = Debug|Any CPU
		{4DAD8968-8C43-49D6-A3DC-B91751355635}.Debug|Any CPU.Build.0 = Debug|Any CPU
		{4DAD8968-8C43-49D6-A3DC-B91751355635}.Debug|x64.ActiveCfg = Debug|Any CPU
		{4DAD8968-8C43-49D6-A3DC-B91751355635}.Debug|x64.Build.0 = Debug|Any CPU
		{4DAD8968-8C43-49D6-A3DC-B91751355635}.Debug|x86.ActiveCfg = Debug|Any CPU
		{4DAD8968-8C43-49D6-A3DC-B91751355635}.Debug|x86.Build.0 = Debug|Any CPU
		{4DAD8968-8C43-49D6-A3DC-B91751355635}.Release|Any CPU.ActiveCfg = Release|Any CPU
		{4DAD8968-8C43-49D6-A3DC-B91751355635}.Release|Any CPU.Build.0 = Release|Any CPU
		{4DAD8968-8C43-49D6-A3DC-B91751355635}.Release|x64.ActiveCfg = Release|Any CPU
		{4DAD8968-8C43-49D6-A3DC-B91751355635}.Release|x64.Build.0 = Release|Any CPU
		{4DAD8968-8C43-49D6-A3DC-B91751355635}.Release|x86.ActiveCfg = Release|Any CPU
		{4DAD8968-8C43-49D6-A3DC-B91751355635}.Release|x86.Build.0 = Release|Any CPU
		{C19AB14F-C6BE-4B77-BE0C-0BC8ED3CF5A2}.Debug|Any CPU.ActiveCfg = Debug|Any CPU
		{C19AB14F-C6BE-4B77-BE0C-0BC8ED3CF5A2}.Debug|Any CPU.Build.0 = Debug|Any CPU
		{C19AB14F-C6BE-4B77-BE0C-0BC8ED3CF5A2}.Debug|x64.ActiveCfg = Debug|Any CPU
		{C19AB14F-C6BE-4B77-BE0C-0BC8ED3CF5A2}.Debug|x64.Build.0 = Debug|Any CPU
		{C19AB14F-C6BE-4B77-BE0C-0BC8ED3CF5A2}.Debug|x86.ActiveCfg = Debug|Any CPU
		{C19AB14F-C6BE-4B77-BE0C-0BC8ED3CF5A2}.Debug|x86.Build.0 = Debug|Any CPU
		{C19AB14F-C6BE-4B77-BE0C-0BC8ED3CF5A2}.Release|Any CPU.ActiveCfg = Release|Any CPU
		{C19AB14F-C6BE-4B77-BE0C-0BC8ED3CF5A2}.Release|Any CPU.Build.0 = Release|Any CPU
		{C19AB14F-C6BE-4B77-BE0C-0BC8ED3CF5A2}.Release|x64.ActiveCfg = Release|Any CPU
		{C19AB14F-C6BE-4B77-BE0C-0BC8ED3CF5A2}.Release|x64.Build.0 = Release|Any CPU
		{C19AB14F-C6BE-4B77-BE0C-0BC8ED3CF5A2}.Release|x86.ActiveCfg = Release|Any CPU
		{C19AB14F-C6BE-4B77-BE0C-0BC8ED3CF5A2}.Release|x86.Build.0 = Release|Any CPU
	EndGlobalSection
	GlobalSection(SolutionProperties) = preSolution
		HideSolutionNode = FALSE
	EndGlobalSection
	GlobalSection(NestedProjects) = preSolution
		{F3F85FD3-3723-42CB-A09C-12881F3B71E3} = {827E0CD3-B72D-47B6-A68D-7590B98EB39B}
		{DB3E0653-5F28-431F-BA50-FDE5EC135650} = {827E0CD3-B72D-47B6-A68D-7590B98EB39B}
		{EEA9FFDA-77F3-4B99-9A2E-67249F3DC490} = {827E0CD3-B72D-47B6-A68D-7590B98EB39B}
		{30168D2D-BEBF-4390-8CE9-89661AB61595} = {827E0CD3-B72D-47B6-A68D-7590B98EB39B}
		{B85113AD-B91A-42E9-84F8-D9E1FF8182DB} = {827E0CD3-B72D-47B6-A68D-7590B98EB39B}
		{2CE648ED-CB55-4BAA-B874-B26448DF538A} = {827E0CD3-B72D-47B6-A68D-7590B98EB39B}
		{4DAD8968-8C43-49D6-A3DC-B91751355635} = {827E0CD3-B72D-47B6-A68D-7590B98EB39B}
		{C19AB14F-C6BE-4B77-BE0C-0BC8ED3CF5A2} = {827E0CD3-B72D-47B6-A68D-7590B98EB39B}
	EndGlobalSection
EndGlobal
